{
  "object": {
    "pins": [
      {
        "package": "swift-argument-parser",
        "repositoryURL": "https://github.com/apple/swift-argument-parser.git",
        "state": {
          "branch": null,
          "revision": "41982a3656a71c768319979febd796c6fd111d5c",
          "version": "1.5.0"
        }
      },
      {
        "package": "Swinject",
        "repositoryURL": "https://github.com/swinject/swinject.git",
        "state": {
          "branch": null,
          "revision": "be9dbcc7b86811bc131539a20c6f9c2d3e56919f",
          "version": "2.9.1"
        }
      }
    ]
  },
  "version": 1
}
